
Microsoft Visual Studio Solution File, Format Version 12.00
# Visual Studio Version 17
VisualStudioVersion = 17.3.32929.385
MinimumVisualStudioVersion = 10.0.40219.1
Project("{9A19103F-16F7-4668-BE54-9A1E7A4F7556}") = "EParcial_RamosLing", "EParcial_RamosLing\EParcial_RamosLing.csproj", "{1573EFC8-996E-430F-B37F-DAC6A6368398}"
EndProject
Project("{9A19103F-16F7-4668-BE54-9A1E7A4F7556}") = "ProyVillaze_BE", "ProyVillaze_BE\ProyVillaze_BE.csproj", "{E09FC87D-27E6-4F89-B0F6-4A33FFE0B052}"
EndProject
Project("{9A19103F-16F7-4668-BE54-9A1E7A4F7556}") = "ProyVillaze_BL", "ProyVillaze_BL\ProyVillaze_BL.csproj", "{351633FA-2D3E-4037-BA28-D1210E6243D4}"
EndProject
Project("{9A19103F-16F7-4668-BE54-9A1E7A4F7556}") = "ProyVillaze_ADO", "ProyVillaze_ADO\ProyVillaze_ADO.csproj", "{504709B1-003C-4162-85E9-85BD3187DC8A}"
EndProject
Global
	GlobalSection(SolutionConfigurationPlatforms) = preSolution
		Debug|Any CPU = Debug|Any CPU
		Release|Any CPU = Release|Any CPU
	EndGlobalSection
	GlobalSection(ProjectConfigurationPlatforms) = postSolution
		{1573EFC8-996E-430F-B37F-DAC6A6368398}.Debug|Any CPU.ActiveCfg = Debug|Any CPU
		{1573EFC8-996E-430F-B37F-DAC6A6368398}.Debug|Any CPU.Build.0 = Debug|Any CPU
		{1573EFC8-996E-430F-B37F-DAC6A6368398}.Release|Any CPU.ActiveCfg = Release|Any CPU
		{1573EFC8-996E-430F-B37F-DAC6A6368398}.Release|Any CPU.Build.0 = Release|Any CPU
		{E09FC87D-27E6-4F89-B0F6-4A33FFE0B052}.Debug|Any CPU.ActiveCfg = Debug|Any CPU
		{E09FC87D-27E6-4F89-B0F6-4A33FFE0B052}.Debug|Any CPU.Build.0 = Debug|Any CPU
		{E09FC87D-27E6-4F89-B0F6-4A33FFE0B052}.Release|Any CPU.ActiveCfg = Release|Any CPU
		{E09FC87D-27E6-4F89-B0F6-4A33FFE0B052}.Release|Any CPU.Build.0 = Release|Any CPU
		{351633FA-2D3E-4037-BA28-D1210E6243D4}.Debug|Any CPU.ActiveCfg = Debug|Any CPU
		{351633FA-2D3E-4037-BA28-D1210E6243D4}.Debug|Any CPU.Build.0 = Debug|Any CPU
		{351633FA-2D3E-4037-BA28-D1210E6243D4}.Release|Any CPU.ActiveCfg = Release|Any CPU
		{351633FA-2D3E-4037-BA28-D1210E6243D4}.Release|Any CPU.Build.0 = Release|Any CPU
		{504709B1-003C-4162-85E9-85BD3187DC8A}.Debug|Any CPU.ActiveCfg = Debug|Any CPU
		{504709B1-003C-4162-85E9-85BD3187DC8A}.Debug|Any CPU.Build.0 = Debug|Any CPU
		{504709B1-003C-4162-85E9-85BD3187DC8A}.Release|Any CPU.ActiveCfg = Release|Any CPU
		{504709B1-003C-4162-85E9-85BD3187DC8A}.Release|Any CPU.Build.0 = Release|Any CPU
	EndGlobalSection
	GlobalSection(SolutionProperties) = preSolution
		HideSolutionNode = FALSE
	EndGlobalSection
	GlobalSection(ExtensibilityGlobals) = postSolution
		SolutionGuid = {F2C023FD-3561-4051-BFA0-BBBC946DA522}
	EndGlobalSection
EndGlobal
